<?xml version="1.0" encoding="utf-8"?>
<Project ToolsVersion="4.0" xmlns="http://schemas.microsoft.com/developer/msbuild/2003">
  <ItemGroup>
    <Filter Include="源文件">
      <UniqueIdentifier>{4FC737F1-C7A5-4376-A066-2A32D752A2FF}</UniqueIdentifier>
      <Extensions>cpp;c;cc;cxx;def;odl;idl;hpj;bat;asm;asmx</Extensions>
    </Filter>
    <Filter Include="头文件">
      <UniqueIdentifier>{93995380-89BD-4b04-88EB-625FBE52EBFB}</UniqueIdentifier>
      <Extensions>h;hh;hpp;hxx;hm;inl;inc;ipp;xsd</Extensions>
    </Filter>
    <Filter Include="资源文件">
      <UniqueIdentifier>{67DA6AB6-F800-4c08-8B7A-83BB121AAD01}</UniqueIdentifier>
      <Extensions>rc;ico;cur;bmp;dlg;rc2;rct;bin;rgs;gif;jpg;jpeg;jpe;resx;tiff;tif;png;wav;mfcribbon-ms</Extensions>
    </Filter>
    <Filter Include="源文件\PAT乙级">
      <UniqueIdentifier>{fad71af6-45af-4b5d-b357-ec9925a5c4fb}</UniqueIdentifier>
    </Filter>
    <Filter Include="源文件\PAT甲级">
      <UniqueIdentifier>{c28af019-0c93-4ca8-9885-c0aa984c6a0b}</UniqueIdentifier>
    </Filter>
    <Filter Include="源文件\Mooc">
      <UniqueIdentifier>{9c0a264e-87a3-4ed4-b4fe-afda59b0ffa9}</UniqueIdentifier>
    </Filter>
    <Filter Include="源文件\PAT甲级二刷">
      <UniqueIdentifier>{06ae4acd-9d38-4d0a-ad45-5aca1746b52a}</UniqueIdentifier>
    </Filter>
  </ItemGroup>
  <ItemGroup>
    <ClCompile Include="PatBasic\Basic1001.cpp">
      <Filter>源文件\PAT乙级</Filter>
    </ClCompile>
    <ClCompile Include="PatBasic\Basic1002.cpp">
      <Filter>源文件\PAT乙级</Filter>
    </ClCompile>
    <ClCompile Include="PatBasic\Basic1003.cpp">
      <Filter>源文件\PAT乙级</Filter>
    </ClCompile>
    <ClCompile Include="PatBasic\Basic1004.cpp">
      <Filter>源文件\PAT乙级</Filter>
    </ClCompile>
    <ClCompile Include="PatBasic\Basic1005.cpp">
      <Filter>源文件\PAT乙级</Filter>
    </ClCompile>
    <ClCompile Include="PatBasic\Basic1006.cpp">
      <Filter>源文件\PAT乙级</Filter>
    </ClCompile>
    <ClCompile Include="PatBasic\Basic1007.cpp">
      <Filter>源文件\PAT乙级</Filter>
    </ClCompile>
    <ClCompile Include="PatBasic\Basic1008.cpp">
      <Filter>源文件\PAT乙级</Filter>
    </ClCompile>
    <ClCompile Include="PatBasic\Basic1009.cpp">
      <Filter>源文件\PAT乙级</Filter>
    </ClCompile>
    <ClCompile Include="PatBasic\Basic1010.cpp">
      <Filter>源文件\PAT乙级</Filter>
    </ClCompile>
    <ClCompile Include="PatBasic\Basic1011.cpp">
      <Filter>源文件\PAT乙级</Filter>
    </ClCompile>
    <ClCompile Include="PatBasic\Basic1012.cpp">
      <Filter>源文件\PAT乙级</Filter>
    </ClCompile>
    <ClCompile Include="PatBasic\Basic1013.cpp">
      <Filter>源文件\PAT乙级</Filter>
    </ClCompile>
    <ClCompile Include="PatBasic\Basic1014.cpp">
      <Filter>源文件\PAT乙级</Filter>
    </ClCompile>
    <ClCompile Include="PatBasic\Basic1015.cpp">
      <Filter>源文件\PAT乙级</Filter>
    </ClCompile>
    <ClCompile Include="PatBasic\Basic1037.cpp">
      <Filter>源文件\PAT乙级</Filter>
    </ClCompile>
    <ClCompile Include="PatBasic\Basic1038.cpp">
      <Filter>源文件\PAT乙级</Filter>
    </ClCompile>
    <ClCompile Include="PatBasic\Basic1039.cpp">
      <Filter>源文件\PAT乙级</Filter>
    </ClCompile>
    <ClCompile Include="PatBasic\Basic1040.cpp">
      <Filter>源文件\PAT乙级</Filter>
    </ClCompile>
    <ClCompile Include="PatBasic\Basic1041.cpp">
      <Filter>源文件\PAT乙级</Filter>
    </ClCompile>
    <ClCompile Include="PatBasic\Basic1042.cpp">
      <Filter>源文件\PAT乙级</Filter>
    </ClCompile>
    <ClCompile Include="PatBasic\Basic1043.cpp">
      <Filter>源文件\PAT乙级</Filter>
    </ClCompile>
    <ClCompile Include="PatBasic\Basic1044.cpp">
      <Filter>源文件\PAT乙级</Filter>
    </ClCompile>
    <ClCompile Include="PatBasic\Basic1045.cpp">
      <Filter>源文件\PAT乙级</Filter>
    </ClCompile>
    <ClCompile Include="PatBasic\Basic1046.cpp">
      <Filter>源文件\PAT乙级</Filter>
    </ClCompile>
    <ClCompile Include="PatBasic\Basic1047.cpp">
      <Filter>源文件\PAT乙级</Filter>
    </ClCompile>
    <ClCompile Include="PatBasic\Basic1048.cpp">
      <Filter>源文件\PAT乙级</Filter>
    </ClCompile>
    <ClCompile Include="PatBasic\Basic1049.cpp">
      <Filter>源文件\PAT乙级</Filter>
    </ClCompile>
    <ClCompile Include="PatBasic\Basic1050.cpp">
      <Filter>源文件\PAT乙级</Filter>
    </ClCompile>
    <ClCompile Include="PatBasic\Basic1051.cpp">
      <Filter>源文件\PAT乙级</Filter>
    </ClCompile>
    <ClCompile Include="PatBasic\Basic1052.cpp">
      <Filter>源文件\PAT乙级</Filter>
    </ClCompile>
    <ClCompile Include="PatBasic\Basic1053.cpp">
      <Filter>源文件\PAT乙级</Filter>
    </ClCompile>
    <ClCompile Include="PatBasic\Basic1054.cpp">
      <Filter>源文件\PAT乙级</Filter>
    </ClCompile>
    <ClCompile Include="PatBasic\Basic1055.cpp">
      <Filter>源文件\PAT乙级</Filter>
    </ClCompile>
    <ClCompile Include="PatBasic\Basic1056.cpp">
      <Filter>源文件\PAT乙级</Filter>
    </ClCompile>
    <ClCompile Include="PatBasic\Basic1057.cpp">
      <Filter>源文件\PAT乙级</Filter>
    </ClCompile>
    <ClCompile Include="PatBasic\Basic1058.cpp">
      <Filter>源文件\PAT乙级</Filter>
    </ClCompile>
    <ClCompile Include="PatBasic\Basic1059.cpp">
      <Filter>源文件\PAT乙级</Filter>
    </ClCompile>
    <ClCompile Include="PatBasic\Basic1060.cpp">
      <Filter>源文件\PAT乙级</Filter>
    </ClCompile>
    <ClCompile Include="PatBasic\Basic1061.cpp">
      <Filter>源文件\PAT乙级</Filter>
    </ClCompile>
    <ClCompile Include="PatBasic\Basic1062.cpp">
      <Filter>源文件\PAT乙级</Filter>
    </ClCompile>
    <ClCompile Include="PatBasic\Basic1063.cpp">
      <Filter>源文件\PAT乙级</Filter>
    </ClCompile>
    <ClCompile Include="PatBasic\Basic1064.cpp">
      <Filter>源文件\PAT乙级</Filter>
    </ClCompile>
    <ClCompile Include="PatBasic\Basic1065.cpp">
      <Filter>源文件\PAT乙级</Filter>
    </ClCompile>
    <ClCompile Include="PatBasic\Basic1066.cpp">
      <Filter>源文件\PAT乙级</Filter>
    </ClCompile>
    <ClCompile Include="PatBasic\Basic1067.cpp">
      <Filter>源文件\PAT乙级</Filter>
    </ClCompile>
    <ClCompile Include="PatBasic\Basic1068.cpp">
      <Filter>源文件\PAT乙级</Filter>
    </ClCompile>
    <ClCompile Include="PatBasic\Basic1069.cpp">
      <Filter>源文件\PAT乙级</Filter>
    </ClCompile>
    <ClCompile Include="PatBasic\Basic1070.cpp">
      <Filter>源文件\PAT乙级</Filter>
    </ClCompile>
    <ClCompile Include="PatBasic\Basic1071.cpp">
      <Filter>源文件\PAT乙级</Filter>
    </ClCompile>
    <ClCompile Include="PatBasic\Basic1072.cpp">
      <Filter>源文件\PAT乙级</Filter>
    </ClCompile>
    <ClCompile Include="PatBasic\Basic1073.cpp">
      <Filter>源文件\PAT乙级</Filter>
    </ClCompile>
    <ClCompile Include="PatBasic\Basic1074.cpp">
      <Filter>源文件\PAT乙级</Filter>
    </ClCompile>
    <ClCompile Include="PatBasic\Basic1075.cpp">
      <Filter>源文件\PAT乙级</Filter>
    </ClCompile>
    <ClCompile Include="PatBasic\Basic1076.cpp">
      <Filter>源文件\PAT乙级</Filter>
    </ClCompile>
    <ClCompile Include="PatBasic\Basic1077.cpp">
      <Filter>源文件\PAT乙级</Filter>
    </ClCompile>
    <ClCompile Include="PatBasic\Basic1078.cpp">
      <Filter>源文件\PAT乙级</Filter>
    </ClCompile>
    <ClCompile Include="PatBasic\Basic1079.cpp">
      <Filter>源文件\PAT乙级</Filter>
    </ClCompile>
    <ClCompile Include="PatBasic\Basic1080.cpp">
      <Filter>源文件\PAT乙级</Filter>
    </ClCompile>
    <ClCompile Include="PatBasic\Basic1081.cpp">
      <Filter>源文件\PAT乙级</Filter>
    </ClCompile>
    <ClCompile Include="PatBasic\Basic1082.cpp">
      <Filter>源文件\PAT乙级</Filter>
    </ClCompile>
    <ClCompile Include="PatBasic\Basic1083.cpp">
      <Filter>源文件\PAT乙级</Filter>
    </ClCompile>
    <ClCompile Include="PatBasic\Basic1084.cpp">
      <Filter>源文件\PAT乙级</Filter>
    </ClCompile>
    <ClCompile Include="PatBasic\Basic1085.cpp">
      <Filter>源文件\PAT乙级</Filter>
    </ClCompile>
    <ClCompile Include="PatBasic\Basic1086.cpp">
      <Filter>源文件\PAT乙级</Filter>
    </ClCompile>
    <ClCompile Include="PatBasic\Basic1087.cpp">
      <Filter>源文件\PAT乙级</Filter>
    </ClCompile>
    <ClCompile Include="PatBasic\Basic1088.cpp">
      <Filter>源文件\PAT乙级</Filter>
    </ClCompile>
    <ClCompile Include="PatBasic\Basic1089.cpp">
      <Filter>源文件\PAT乙级</Filter>
    </ClCompile>
    <ClCompile Include="PatBasic\Basic1090.cpp">
      <Filter>源文件\PAT乙级</Filter>
    </ClCompile>
    <ClCompile Include="PatBasic\Basic1091.cpp">
      <Filter>源文件\PAT乙级</Filter>
    </ClCompile>
    <ClCompile Include="PatBasic\Basic1092.cpp">
      <Filter>源文件\PAT乙级</Filter>
    </ClCompile>
    <ClCompile Include="PatBasic\Basic1093.cpp">
      <Filter>源文件\PAT乙级</Filter>
    </ClCompile>
    <ClCompile Include="PatBasic\Basic1094.cpp">
      <Filter>源文件\PAT乙级</Filter>
    </ClCompile>
    <ClCompile Include="PatBasic\Basic1095.cpp">
      <Filter>源文件\PAT乙级</Filter>
    </ClCompile>
    <ClCompile Include="PatBasic\Basic1016.cpp">
      <Filter>源文件\PAT乙级</Filter>
    </ClCompile>
    <ClCompile Include="PatBasic\Basic1017.cpp">
      <Filter>源文件\PAT乙级</Filter>
    </ClCompile>
    <ClCompile Include="PatBasic\Basic1018.cpp">
      <Filter>源文件\PAT乙级</Filter>
    </ClCompile>
    <ClCompile Include="PatBasic\Basic1019.cpp">
      <Filter>源文件\PAT乙级</Filter>
    </ClCompile>
    <ClCompile Include="PatBasic\Basic1020.cpp">
      <Filter>源文件\PAT乙级</Filter>
    </ClCompile>
    <ClCompile Include="PatBasic\Basic1021.cpp">
      <Filter>源文件\PAT乙级</Filter>
    </ClCompile>
    <ClCompile Include="PatBasic\Basic1022.cpp">
      <Filter>源文件\PAT乙级</Filter>
    </ClCompile>
    <ClCompile Include="PatBasic\Basic1023.cpp">
      <Filter>源文件\PAT乙级</Filter>
    </ClCompile>
    <ClCompile Include="PatBasic\Basic1024.cpp">
      <Filter>源文件\PAT乙级</Filter>
    </ClCompile>
    <ClCompile Include="PatBasic\Basic1025.cpp">
      <Filter>源文件\PAT乙级</Filter>
    </ClCompile>
    <ClCompile Include="PatBasic\Basic1026.cpp">
      <Filter>源文件\PAT乙级</Filter>
    </ClCompile>
    <ClCompile Include="PatBasic\Basic1027.cpp">
      <Filter>源文件\PAT乙级</Filter>
    </ClCompile>
    <ClCompile Include="PatBasic\Basic1028.cpp">
      <Filter>源文件\PAT乙级</Filter>
    </ClCompile>
    <ClCompile Include="PatBasic\Basic1029.cpp">
      <Filter>源文件\PAT乙级</Filter>
    </ClCompile>
    <ClCompile Include="PatBasic\Basic1030.cpp">
      <Filter>源文件\PAT乙级</Filter>
    </ClCompile>
    <ClCompile Include="PatBasic\Basic1031.cpp">
      <Filter>源文件\PAT乙级</Filter>
    </ClCompile>
    <ClCompile Include="PatBasic\Basic1032.cpp">
      <Filter>源文件\PAT乙级</Filter>
    </ClCompile>
    <ClCompile Include="PatBasic\Basic1033.cpp">
      <Filter>源文件\PAT乙级</Filter>
    </ClCompile>
    <ClCompile Include="PatBasic\Basic1034.cpp">
      <Filter>源文件\PAT乙级</Filter>
    </ClCompile>
    <ClCompile Include="PatBasic\Basic1035.cpp">
      <Filter>源文件\PAT乙级</Filter>
    </ClCompile>
    <ClCompile Include="PatBasic\Basic1036.cpp">
      <Filter>源文件\PAT乙级</Filter>
    </ClCompile>
    <ClCompile Include="PatAdv\A1001.cpp">
      <Filter>源文件\PAT甲级</Filter>
    </ClCompile>
    <ClCompile Include="PatAdv\A1002.cpp">
      <Filter>源文件\PAT甲级</Filter>
    </ClCompile>
    <ClCompile Include="PatAdv\A1003.cpp">
      <Filter>源文件\PAT甲级</Filter>
    </ClCompile>
    <ClCompile Include="PatAdv\A1003_2.cpp">
      <Filter>源文件\PAT甲级</Filter>
    </ClCompile>
    <ClCompile Include="PatAdv\A1004.cpp">
      <Filter>源文件\PAT甲级</Filter>
    </ClCompile>
    <ClCompile Include="PatAdv\A1005.cpp">
      <Filter>源文件\PAT甲级</Filter>
    </ClCompile>
    <ClCompile Include="PatAdv\A1006.cpp">
      <Filter>源文件\PAT甲级</Filter>
    </ClCompile>
    <ClCompile Include="PatAdv\A1007.cpp">
      <Filter>源文件\PAT甲级</Filter>
    </ClCompile>
    <ClCompile Include="PatAdv\A1008.cpp">
      <Filter>源文件\PAT甲级</Filter>
    </ClCompile>
    <ClCompile Include="PatAdv\A1009.cpp">
      <Filter>源文件\PAT甲级</Filter>
    </ClCompile>
    <ClCompile Include="PatAdv\A1010.cpp">
      <Filter>源文件\PAT甲级</Filter>
    </ClCompile>
    <ClCompile Include="PatAdv\A1011.cpp">
      <Filter>源文件\PAT甲级</Filter>
    </ClCompile>
    <ClCompile Include="PatAdv\A1012.cpp">
      <Filter>源文件\PAT甲级</Filter>
    </ClCompile>
    <ClCompile Include="PatAdv\A1013.cpp">
      <Filter>源文件\PAT甲级</Filter>
    </ClCompile>
    <ClCompile Include="PatAdv\A1014.cpp">
      <Filter>源文件\PAT甲级</Filter>
    </ClCompile>
    <ClCompile Include="PatAdv\A1015.cpp">
      <Filter>源文件\PAT甲级</Filter>
    </ClCompile>
    <ClCompile Include="PatAdv\A1016.cpp">
      <Filter>源文件\PAT甲级</Filter>
    </ClCompile>
    <ClCompile Include="PatAdv\A1017.cpp">
      <Filter>源文件\PAT甲级</Filter>
    </ClCompile>
    <ClCompile Include="PatAdv\A1018.cpp">
      <Filter>源文件\PAT甲级</Filter>
    </ClCompile>
    <ClCompile Include="PatAdv\A1019.cpp">
      <Filter>源文件\PAT甲级</Filter>
    </ClCompile>
    <ClCompile Include="PatAdv\A1020.cpp">
      <Filter>源文件\PAT甲级</Filter>
    </ClCompile>
    <ClCompile Include="PatAdv\A1021.cpp">
      <Filter>源文件\PAT甲级</Filter>
    </ClCompile>
    <ClCompile Include="PatAdv\A1021_DFS.cpp">
      <Filter>源文件\PAT甲级</Filter>
    </ClCompile>
    <ClCompile Include="PatAdv\A1022.cpp">
      <Filter>源文件\PAT甲级</Filter>
    </ClCompile>
    <ClCompile Include="PatAdv\A1023.cpp">
      <Filter>源文件\PAT甲级</Filter>
    </ClCompile>
    <ClCompile Include="PatAdv\A1024.cpp">
      <Filter>源文件\PAT甲级</Filter>
    </ClCompile>
    <ClCompile Include="PatAdv\A1025.cpp">
      <Filter>源文件\PAT甲级</Filter>
    </ClCompile>
    <ClCompile Include="PatAdv\A1026.cpp">
      <Filter>源文件\PAT甲级</Filter>
    </ClCompile>
    <ClCompile Include="PatAdv\A1026_2.cpp">
      <Filter>源文件\PAT甲级</Filter>
    </ClCompile>
    <ClCompile Include="PatAdv\A1027.cpp">
      <Filter>源文件\PAT甲级</Filter>
    </ClCompile>
    <ClCompile Include="PatAdv\A1028.cpp">
      <Filter>源文件\PAT甲级</Filter>
    </ClCompile>
    <ClCompile Include="PatAdv\A1029.cpp">
      <Filter>源文件\PAT甲级</Filter>
    </ClCompile>
    <ClCompile Include="PatAdv\A1029_2.cpp">
      <Filter>源文件\PAT甲级</Filter>
    </ClCompile>
    <ClCompile Include="PatAdv\A1029_3.cpp">
      <Filter>源文件\PAT甲级</Filter>
    </ClCompile>
    <ClCompile Include="PatAdv\A1030.cpp">
      <Filter>源文件\PAT甲级</Filter>
    </ClCompile>
    <ClCompile Include="PatAdv\A1031.cpp">
      <Filter>源文件\PAT甲级</Filter>
    </ClCompile>
    <ClCompile Include="PatAdv\A1032.cpp">
      <Filter>源文件\PAT甲级</Filter>
    </ClCompile>
    <ClCompile Include="PatAdv\A1033.cpp">
      <Filter>源文件\PAT甲级</Filter>
    </ClCompile>
    <ClCompile Include="PatAdv\A1034.cpp">
      <Filter>源文件\PAT甲级</Filter>
    </ClCompile>
    <ClCompile Include="PatAdv\A1035.cpp">
      <Filter>源文件\PAT甲级</Filter>
    </ClCompile>
    <ClCompile Include="PatAdv\A1036.cpp">
      <Filter>源文件\PAT甲级</Filter>
    </ClCompile>
    <ClCompile Include="PatAdv\A1037.cpp">
      <Filter>源文件\PAT甲级</Filter>
    </ClCompile>
    <ClCompile Include="PatAdv\A1038.cpp">
      <Filter>源文件\PAT甲级</Filter>
    </ClCompile>
    <ClCompile Include="PatAdv\A1039.cpp">
      <Filter>源文件\PAT甲级</Filter>
    </ClCompile>
    <ClCompile Include="PatAdv\A1040.cpp">
      <Filter>源文件\PAT甲级</Filter>
    </ClCompile>
    <ClCompile Include="PatAdv\A1041.cpp">
      <Filter>源文件\PAT甲级</Filter>
    </ClCompile>
    <ClCompile Include="PatAdv\A1042.cpp">
      <Filter>源文件\PAT甲级</Filter>
    </ClCompile>
    <ClCompile Include="PatAdv\A1043.cpp">
      <Filter>源文件\PAT甲级</Filter>
    </ClCompile>
    <ClCompile Include="PatAdv\A1043_2.cpp">
      <Filter>源文件\PAT甲级</Filter>
    </ClCompile>
    <ClCompile Include="PatAdv\A1044.cpp">
      <Filter>源文件\PAT甲级</Filter>
    </ClCompile>
    <ClCompile Include="PatAdv\A1045.cpp">
      <Filter>源文件\PAT甲级</Filter>
    </ClCompile>
    <ClCompile Include="PatAdv\A1046.cpp">
      <Filter>源文件\PAT甲级</Filter>
    </ClCompile>
    <ClCompile Include="PatAdv\A1046_2.cpp">
      <Filter>源文件\PAT甲级</Filter>
    </ClCompile>
    <ClCompile Include="PatAdv\A1047.cpp">
      <Filter>源文件\PAT甲级</Filter>
    </ClCompile>
    <ClCompile Include="PatAdv\A1048.cpp">
      <Filter>源文件\PAT甲级</Filter>
    </ClCompile>
    <ClCompile Include="PatAdv\A1050.cpp">
      <Filter>源文件\PAT甲级</Filter>
    </ClCompile>
    <ClCompile Include="PatAdv\A1051.cpp">
      <Filter>源文件\PAT甲级</Filter>
    </ClCompile>
    <ClCompile Include="PatAdv\A1052.cpp">
      <Filter>源文件\PAT甲级</Filter>
    </ClCompile>
    <ClCompile Include="PatAdv\A1054.cpp">
      <Filter>源文件\PAT甲级</Filter>
    </ClCompile>
    <ClCompile Include="PatAdv\A1055.cpp">
      <Filter>源文件\PAT甲级</Filter>
    </ClCompile>
    <ClCompile Include="PatAdv\A1056.cpp">
      <Filter>源文件\PAT甲级</Filter>
    </ClCompile>
    <ClCompile Include="PatAdv\A1057.cpp">
      <Filter>源文件\PAT甲级</Filter>
    </ClCompile>
    <ClCompile Include="PatAdv\A1058.cpp">
      <Filter>源文件\PAT甲级</Filter>
    </ClCompile>
    <ClCompile Include="PatAdv\A1059.cpp">
      <Filter>源文件\PAT甲级</Filter>
    </ClCompile>
    <ClCompile Include="PatAdv\A1060.cpp">
      <Filter>源文件\PAT甲级</Filter>
    </ClCompile>
    <ClCompile Include="PatAdv\A1061.cpp">
      <Filter>源文件\PAT甲级</Filter>
    </ClCompile>
    <ClCompile Include="PatAdv\A1062.cpp">
      <Filter>源文件\PAT甲级</Filter>
    </ClCompile>
    <ClCompile Include="PatAdv\A1063.cpp">
      <Filter>源文件\PAT甲级</Filter>
    </ClCompile>
    <ClCompile Include="PatAdv\A1065.cpp">
      <Filter>源文件\PAT甲级</Filter>
    </ClCompile>
    <ClCompile Include="PatAdv\A1067.cpp">
      <Filter>源文件\PAT甲级</Filter>
    </ClCompile>
    <ClCompile Include="PatAdv\A1068.cpp">
      <Filter>源文件\PAT甲级</Filter>
    </ClCompile>
    <ClCompile Include="PatAdv\A1069.cpp">
      <Filter>源文件\PAT甲级</Filter>
    </ClCompile>
    <ClCompile Include="PatAdv\A1070.cpp">
      <Filter>源文件\PAT甲级</Filter>
    </ClCompile>
    <ClCompile Include="PatAdv\A1071.cpp">
      <Filter>源文件\PAT甲级</Filter>
    </ClCompile>
    <ClCompile Include="PatAdv\A1072.cpp">
      <Filter>源文件\PAT甲级</Filter>
    </ClCompile>
    <ClCompile Include="PatAdv\A1073.cpp">
      <Filter>源文件\PAT甲级</Filter>
    </ClCompile>
    <ClCompile Include="PatAdv\A1074.cpp">
      <Filter>源文件\PAT甲级</Filter>
    </ClCompile>
    <ClCompile Include="PatAdv\A1075.cpp">
      <Filter>源文件\PAT甲级</Filter>
    </ClCompile>
    <ClCompile Include="PatAdv\A1076.cpp">
      <Filter>源文件\PAT甲级</Filter>
    </ClCompile>
    <ClCompile Include="PatAdv\A1077.cpp">
      <Filter>源文件\PAT甲级</Filter>
    </ClCompile>
    <ClCompile Include="PatAdv\A1078.cpp">
      <Filter>源文件\PAT甲级</Filter>
    </ClCompile>
    <ClCompile Include="PatAdv\A1086.cpp">
      <Filter>源文件\PAT甲级</Filter>
    </ClCompile>
    <ClCompile Include="A1079.cpp">
      <Filter>源文件\PAT甲级</Filter>
    </ClCompile>
    <ClCompile Include="A1081.cpp">
      <Filter>源文件\PAT甲级</Filter>
    </ClCompile>
    <ClCompile Include="A1082.cpp">
      <Filter>源文件\PAT甲级</Filter>
    </ClCompile>
    <ClCompile Include="A1083.cpp">
      <Filter>源文件\PAT甲级</Filter>
    </ClCompile>
    <ClCompile Include="A1084.cpp">
      <Filter>源文件\PAT甲级</Filter>
    </ClCompile>
    <ClCompile Include="A1085.cpp">
      <Filter>源文件\PAT甲级</Filter>
    </ClCompile>
    <ClCompile Include="A1087.cpp">
      <Filter>源文件\PAT甲级</Filter>
    </ClCompile>
    <ClCompile Include="A1088.cpp">
      <Filter>源文件\PAT甲级</Filter>
    </ClCompile>
    <ClCompile Include="A1089.cpp">
      <Filter>源文件\PAT甲级</Filter>
    </ClCompile>
    <ClCompile Include="A1090.cpp">
      <Filter>源文件\PAT甲级</Filter>
    </ClCompile>
    <ClCompile Include="A1090DFS.cpp">
      <Filter>源文件\PAT甲级</Filter>
    </ClCompile>
    <ClCompile Include="A1091.cpp">
      <Filter>源文件\PAT甲级</Filter>
    </ClCompile>
    <ClCompile Include="A1092.cpp">
      <Filter>源文件\PAT甲级</Filter>
    </ClCompile>
    <ClCompile Include="A1093.cpp">
      <Filter>源文件\PAT甲级</Filter>
    </ClCompile>
    <ClCompile Include="A1094.cpp">
      <Filter>源文件\PAT甲级</Filter>
    </ClCompile>
    <ClCompile Include="A1096.cpp">
      <Filter>源文件\PAT甲级</Filter>
    </ClCompile>
    <ClCompile Include="A1099.cpp">
      <Filter>源文件\PAT甲级</Filter>
    </ClCompile>
    <ClCompile Include="A1100.cpp">
      <Filter>源文件\PAT甲级</Filter>
    </ClCompile>
    <ClCompile Include="A1064.cpp">
      <Filter>源文件\PAT甲级</Filter>
    </ClCompile>
    <ClCompile Include="A1066.cpp">
      <Filter>源文件\PAT甲级</Filter>
    </ClCompile>
    <ClCompile Include="A1102.cpp">
      <Filter>源文件\PAT甲级</Filter>
    </ClCompile>
    <ClCompile Include="Mooc01.cpp">
      <Filter>源文件\Mooc</Filter>
    </ClCompile>
    <ClCompile Include="A1110.cpp">
      <Filter>源文件\PAT甲级</Filter>
    </ClCompile>
    <ClCompile Include="A1115.cpp">
      <Filter>源文件\PAT甲级</Filter>
    </ClCompile>
    <ClCompile Include="A1095.cpp">
      <Filter>源文件\PAT甲级</Filter>
    </ClCompile>
    <ClCompile Include="A1053.cpp">
      <Filter>源文件\PAT甲级</Filter>
    </ClCompile>
    <ClCompile Include="PatAdv\A1097.cpp">
      <Filter>源文件\PAT甲级</Filter>
    </ClCompile>
    <ClCompile Include="A1103.cpp">
      <Filter>源文件\PAT甲级</Filter>
    </ClCompile>
    <ClCompile Include="A1104.cpp">
      <Filter>源文件\PAT甲级</Filter>
    </ClCompile>
    <ClCompile Include="A1105.cpp">
      <Filter>源文件\PAT甲级</Filter>
    </ClCompile>
    <ClCompile Include="Mooc03.cpp">
      <Filter>源文件\Mooc</Filter>
    </ClCompile>
    <ClCompile Include="Mooc04.cpp">
      <Filter>源文件\Mooc</Filter>
    </ClCompile>
    <ClCompile Include="A1106.cpp">
      <Filter>源文件\PAT甲级</Filter>
    </ClCompile>
    <ClCompile Include="A1107.cpp">
      <Filter>源文件\PAT甲级</Filter>
    </ClCompile>
    <ClCompile Include="A1108.cpp">
      <Filter>源文件\PAT甲级</Filter>
    </ClCompile>
    <ClCompile Include="A1108_2.cpp">
      <Filter>源文件\PAT甲级</Filter>
    </ClCompile>
    <ClCompile Include="A1109.cpp">
      <Filter>源文件\PAT甲级</Filter>
    </ClCompile>
    <ClCompile Include="A1111.cpp">
      <Filter>源文件\PAT甲级</Filter>
    </ClCompile>
    <ClCompile Include="A1112.cpp">
      <Filter>源文件\PAT甲级</Filter>
    </ClCompile>
    <ClCompile Include="A1113.cpp">
      <Filter>源文件\PAT甲级</Filter>
    </ClCompile>
    <ClCompile Include="A1114.cpp">
      <Filter>源文件\PAT甲级</Filter>
    </ClCompile>
    <ClCompile Include="Mooc12.cpp">
      <Filter>源文件\Mooc</Filter>
    </ClCompile>
    <ClCompile Include="Mooc13.cpp">
      <Filter>源文件\Mooc</Filter>
    </ClCompile>
    <ClCompile Include="A1116.cpp">
      <Filter>源文件\PAT甲级</Filter>
    </ClCompile>
    <ClCompile Include="A1117.cpp">
      <Filter>源文件\PAT甲级</Filter>
    </ClCompile>
    <ClCompile Include="A1118.cpp">
      <Filter>源文件\PAT甲级</Filter>
    </ClCompile>
    <ClCompile Include="A1120.cpp">
      <Filter>源文件\PAT甲级</Filter>
    </ClCompile>
    <ClCompile Include="Mooc15.cpp">
      <Filter>源文件\Mooc</Filter>
    </ClCompile>
    <ClCompile Include="Mooc16.cpp">
      <Filter>源文件\Mooc</Filter>
    </ClCompile>
    <ClCompile Include="Mooc17.cpp">
      <Filter>源文件\Mooc</Filter>
    </ClCompile>
    <ClCompile Include="Mooc02.cpp">
      <Filter>源文件\Mooc</Filter>
    </ClCompile>
    <ClCompile Include="Mooc022.cpp">
      <Filter>源文件\Mooc</Filter>
    </ClCompile>
    <ClCompile Include="Mooc023.cpp">
      <Filter>源文件\Mooc</Filter>
    </ClCompile>
    <ClCompile Include="Mooc18.cpp">
      <Filter>源文件\Mooc</Filter>
    </ClCompile>
    <ClCompile Include="Mooc19.cpp">
      <Filter>源文件\Mooc</Filter>
    </ClCompile>
    <ClCompile Include="Mooc20.cpp">
      <Filter>源文件\Mooc</Filter>
    </ClCompile>
    <ClCompile Include="A1121.cpp">
      <Filter>源文件\PAT甲级</Filter>
    </ClCompile>
    <ClCompile Include="A1122.cpp">
      <Filter>源文件\PAT甲级</Filter>
    </ClCompile>
    <ClCompile Include="A1066_2.cpp">
      <Filter>源文件\PAT甲级</Filter>
    </ClCompile>
    <ClCompile Include="A1124.cpp">
      <Filter>源文件\PAT甲级</Filter>
    </ClCompile>
    <ClCompile Include="A1125.cpp">
      <Filter>源文件\PAT甲级</Filter>
    </ClCompile>
    <ClCompile Include="A1126.cpp">
      <Filter>源文件\PAT甲级</Filter>
    </ClCompile>
    <ClCompile Include="A1127.cpp">
      <Filter>源文件\PAT甲级</Filter>
    </ClCompile>
    <ClCompile Include="A1128.cpp">
      <Filter>源文件\PAT甲级</Filter>
    </ClCompile>
    <ClCompile Include="A1129.cpp">
      <Filter>源文件\PAT甲级</Filter>
    </ClCompile>
    <ClCompile Include="Mooc23.cpp">
      <Filter>源文件\Mooc</Filter>
    </ClCompile>
    <ClCompile Include="Mooc23_Kruskal.cpp">
      <Filter>源文件\Mooc</Filter>
    </ClCompile>
    <ClCompile Include="Mooc22.cpp">
      <Filter>源文件\Mooc</Filter>
    </ClCompile>
    <ClCompile Include="Mooc0823.cpp">
      <Filter>源文件\Mooc</Filter>
    </ClCompile>
    <ClCompile Include="A1130.cpp">
      <Filter>源文件\PAT甲级</Filter>
    </ClCompile>
    <ClCompile Include="A1131.cpp">
      <Filter>源文件\PAT甲级</Filter>
    </ClCompile>
    <ClCompile Include="A1132.cpp">
      <Filter>源文件\PAT甲级</Filter>
    </ClCompile>
    <ClCompile Include="A1133.cpp">
      <Filter>源文件\PAT甲级</Filter>
    </ClCompile>
    <ClCompile Include="A1134.cpp">
      <Filter>源文件\PAT甲级</Filter>
    </ClCompile>
    <ClCompile Include="A1136.cpp">
      <Filter>源文件\PAT甲级</Filter>
    </ClCompile>
    <ClCompile Include="A1137.cpp">
      <Filter>源文件\PAT甲级</Filter>
    </ClCompile>
    <ClCompile Include="A1138.cpp">
      <Filter>源文件\PAT甲级</Filter>
    </ClCompile>
    <ClCompile Include="A1139.cpp">
      <Filter>源文件\PAT甲级</Filter>
    </ClCompile>
    <ClCompile Include="A1140.cpp">
      <Filter>源文件\PAT甲级</Filter>
    </ClCompile>
    <ClCompile Include="A1141.cpp">
      <Filter>源文件\PAT甲级</Filter>
    </ClCompile>
    <ClCompile Include="A1142.cpp">
      <Filter>源文件\PAT甲级</Filter>
    </ClCompile>
    <ClCompile Include="A1143.cpp">
      <Filter>源文件\PAT甲级</Filter>
    </ClCompile>
    <ClCompile Include="A1143_2.cpp">
      <Filter>源文件\PAT甲级</Filter>
    </ClCompile>
    <ClCompile Include="A1144.cpp">
      <Filter>源文件\PAT甲级</Filter>
    </ClCompile>
    <ClCompile Include="A1145.cpp">
      <Filter>源文件\PAT甲级</Filter>
    </ClCompile>
    <ClCompile Include="A1146.cpp">
      <Filter>源文件\PAT甲级</Filter>
    </ClCompile>
    <ClCompile Include="A1147.cpp">
      <Filter>源文件\PAT甲级</Filter>
    </ClCompile>
    <ClCompile Include="A1148.cpp">
      <Filter>源文件\PAT甲级</Filter>
    </ClCompile>
    <ClCompile Include="A1149.cpp">
      <Filter>源文件\PAT甲级</Filter>
    </ClCompile>
    <ClCompile Include="A1150.cpp">
      <Filter>源文件\PAT甲级</Filter>
    </ClCompile>
    <ClCompile Include="A1151.cpp">
      <Filter>源文件\PAT甲级</Filter>
    </ClCompile>
    <ClCompile Include="Mooc24_Bubble.cpp">
      <Filter>源文件\Mooc</Filter>
    </ClCompile>
    <ClCompile Include="Mooc25.cpp">
      <Filter>源文件\Mooc</Filter>
    </ClCompile>
    <ClCompile Include="Mooc26.cpp">
      <Filter>源文件\Mooc</Filter>
    </ClCompile>
    <ClCompile Include="A1098.cpp">
      <Filter>源文件\PAT甲级</Filter>
    </ClCompile>
    <ClCompile Include="A1101.cpp">
      <Filter>源文件\PAT甲级</Filter>
    </ClCompile>
    <ClCompile Include="Mooc27.cpp">
      <Filter>源文件\Mooc</Filter>
    </ClCompile>
    <ClCompile Include="Mooc28.cpp">
      <Filter>源文件\Mooc</Filter>
    </ClCompile>
    <ClCompile Include="Mooc29.cpp">
      <Filter>源文件\Mooc</Filter>
    </ClCompile>
    <ClCompile Include="Mooc30.cpp">
      <Filter>源文件\Mooc</Filter>
    </ClCompile>
    <ClCompile Include="Mooc30_Hash.cpp">
      <Filter>源文件\Mooc</Filter>
    </ClCompile>
    <ClCompile Include="Mooc31.cpp">
      <Filter>源文件\Mooc</Filter>
    </ClCompile>
    <ClCompile Include="Mooc32.cpp">
      <Filter>源文件\Mooc</Filter>
    </ClCompile>
    <ClCompile Include="Mooc33.cpp">
      <Filter>源文件\Mooc</Filter>
    </ClCompile>
    <ClCompile Include="Mooc34.cpp">
      <Filter>源文件\Mooc</Filter>
    </ClCompile>
    <ClCompile Include="Mooc05.cpp">
      <Filter>源文件\Mooc</Filter>
    </ClCompile>
    <ClCompile Include="Mooc06.cpp">
      <Filter>源文件\Mooc</Filter>
    </ClCompile>
    <ClCompile Include="Mooc08.cpp">
      <Filter>源文件\Mooc</Filter>
    </ClCompile>
    <ClCompile Include="A1021_2.cpp">
      <Filter>源文件\PAT甲级</Filter>
    </ClCompile>
    <ClCompile Include="A1135.cpp">
      <Filter>源文件\PAT甲级</Filter>
    </ClCompile>
    <ClCompile Include="A1080.cpp">
      <Filter>源文件\PAT甲级</Filter>
    </ClCompile>
    <ClCompile Include="A1068_DP.cpp">
      <Filter>源文件\PAT甲级</Filter>
    </ClCompile>
    <ClCompile Include="AA1001.cpp">
      <Filter>源文件\PAT甲级二刷</Filter>
    </ClCompile>
    <ClCompile Include="AA1002.cpp">
      <Filter>源文件\PAT甲级二刷</Filter>
    </ClCompile>
    <ClCompile Include="AA1003.cpp">
      <Filter>源文件\PAT甲级二刷</Filter>
    </ClCompile>
    <ClCompile Include="AA1004.cpp">
      <Filter>源文件\PAT甲级二刷</Filter>
    </ClCompile>
    <ClCompile Include="AA1005.cpp">
      <Filter>源文件\PAT甲级二刷</Filter>
    </ClCompile>
    <ClCompile Include="AA1035.cpp">
      <Filter>源文件\PAT甲级二刷</Filter>
    </ClCompile>
    <ClCompile Include="AA1061.cpp">
      <Filter>源文件\PAT甲级二刷</Filter>
    </ClCompile>
    <ClCompile Include="AA1073.cpp">
      <Filter>源文件\PAT甲级二刷</Filter>
    </ClCompile>
    <ClCompile Include="AA1077.cpp">
      <Filter>源文件\PAT甲级二刷</Filter>
    </ClCompile>
    <ClCompile Include="AA1014.cpp">
      <Filter>源文件\PAT甲级二刷</Filter>
    </ClCompile>
    <ClCompile Include="AA1056.cpp">
      <Filter>源文件\PAT甲级二刷</Filter>
    </ClCompile>
    <ClCompile Include="AA1015.cpp">
      <Filter>源文件\PAT甲级二刷</Filter>
    </ClCompile>
    <ClCompile Include="AA1019.cpp">
      <Filter>源文件\PAT甲级二刷</Filter>
    </ClCompile>
    <ClCompile Include="AA1039.cpp">
      <Filter>源文件\PAT甲级二刷</Filter>
    </ClCompile>
    <ClCompile Include="AA1047.cpp">
      <Filter>源文件\PAT甲级二刷</Filter>
    </ClCompile>
    <ClCompile Include="A1063.cpp">
      <Filter>源文件\PAT甲级二刷</Filter>
    </ClCompile>
    <ClCompile Include="A1119.cpp">
      <Filter>源文件\PAT甲级</Filter>
    </ClCompile>
    <ClCompile Include="A1123.cpp">
      <Filter>源文件\PAT甲级</Filter>
    </ClCompile>
    <ClCompile Include="Mooc71.cpp">
      <Filter>源文件\Mooc</Filter>
    </ClCompile>
    <ClCompile Include="Mooc12_2.cpp">
      <Filter>源文件\Mooc</Filter>
    </ClCompile>
    <ClCompile Include="21142.cpp">
      <Filter>源文件\Mooc</Filter>
    </ClCompile>
    <ClCompile Include="Mooc14.cpp">
      <Filter>源文件\Mooc</Filter>
    </ClCompile>
    <ClCompile Include="AA1003_2.cpp">
      <Filter>源文件\PAT甲级二刷</Filter>
    </ClCompile>
    <ClCompile Include="Mooc22_2.cpp">
      <Filter>源文件\Mooc</Filter>
    </ClCompile>
    <ClCompile Include="A1152.cpp">
      <Filter>源文件\PAT甲级</Filter>
    </ClCompile>
    <ClCompile Include="A1153.cpp">
      <Filter>源文件\PAT甲级</Filter>
    </ClCompile>
    <ClCompile Include="A1154.cpp">
      <Filter>源文件\PAT甲级</Filter>
    </ClCompile>
    <ClCompile Include="A1155.cpp">
      <Filter>源文件\PAT甲级</Filter>
    </ClCompile>
  </ItemGroup>
</Project>